
Microsoft Visual Studio Solution File, Format Version 11.00
# Visual Studio 2010
Project("{8BC9CEB8-8B4A-11D0-8D11-00A0C91BC942}") = "Barbar.Jpeg2000", "Barbar.Jpeg2000.vcxproj", "{AC9A6025-44CB-48C9-88DD-055E8E6D9CCA}"
EndProject
Global
	GlobalSection(SolutionConfigurationPlatforms) = preSolution
		Debug|Win32 = Debug|Win32
		Release|Win32 = Release|Win32
	EndGlobalSection
	GlobalSection(ProjectConfigurationPlatforms) = postSolution
		{AC9A6025-44CB-48C9-88DD-055E8E6D9CCA}.Debug|Win32.ActiveCfg = Debug|Win32
		{AC9A6025-44CB-48C9-88DD-055E8E6D9CCA}.Debug|Win32.Build.0 = Debug|Win32
		{AC9A6025-44CB-48C9-88DD-055E8E6D9CCA}.Release|Win32.ActiveCfg = Release|Win32
		{AC9A6025-44CB-48C9-88DD-055E8E6D9CCA}.Release|Win32.Build.0 = Release|Win32
	EndGlobalSection
	GlobalSection(SolutionProperties) = preSolution
		HideSolutionNode = FALSE
	EndGlobalSection
EndGlobal
